schema: '2.0'
stages:
  baseline_model:
    cmd: python baseline.py
    deps:
    - path: baseline.py
      hash: md5
      md5: 7fa6897cb16d50b97246279723f31698
      size: 1275
    - path: data/iris.csv
      hash: md5
      md5: 21d441a28bce4417276097df955afc50
      size: 2928
    outs:
    - path: metrics.txt
      hash: md5
      md5: fceca0e5d56a445d30e0521ef26e2f24
      size: 113
